
Microsoft Visual Studio Solution File, Format Version 12.00
# Visual Studio 14
VisualStudioVersion = 14.0.24720.0
MinimumVisualStudioVersion = 10.0.40219.1
Project("{FAE04EC0-301F-11D3-BF4B-00C04F79EFBC}") = "DiplomaDataModel", "DiplomaDataModel\DiplomaDataModel.csproj", "{56D11262-AD21-4F28-AE05-595F6C4F60B3}"
EndProject
Project("{FAE04EC0-301F-11D3-BF4B-00C04F79EFBC}") = "OptionsWebSite", "OptionsWebSite\OptionsWebSite.csproj", "{C7F55331-21DB-4493-880F-834E470B3FF9}"
EndProject
Project("{FAE04EC0-301F-11D3-BF4B-00C04F79EFBC}") = "OptionsWebAPI", "OptionsWebAPI\OptionsWebAPI.csproj", "{4965C47F-A2E2-450F-B7B4-75C2B4AD3085}"
EndProject
Project("{FAE04EC0-301F-11D3-BF4B-00C04F79EFBC}") = "OptionsClient", "OptionsClient\OptionsClient.csproj", "{10990F7A-FB5C-41F4-8935-353BBE5DD49B}"
EndProject
Global
	GlobalSection(SolutionConfigurationPlatforms) = preSolution
		Debug|Any CPU = Debug|Any CPU
		Release|Any CPU = Release|Any CPU
	EndGlobalSection
	GlobalSection(ProjectConfigurationPlatforms) = postSolution
		{56D11262-AD21-4F28-AE05-595F6C4F60B3}.Debug|Any CPU.ActiveCfg = Debug|Any CPU
		{56D11262-AD21-4F28-AE05-595F6C4F60B3}.Debug|Any CPU.Build.0 = Debug|Any CPU
		{56D11262-AD21-4F28-AE05-595F6C4F60B3}.Release|Any CPU.ActiveCfg = Release|Any CPU
		{56D11262-AD21-4F28-AE05-595F6C4F60B3}.Release|Any CPU.Build.0 = Release|Any CPU
		{C7F55331-21DB-4493-880F-834E470B3FF9}.Debug|Any CPU.ActiveCfg = Debug|Any CPU
		{C7F55331-21DB-4493-880F-834E470B3FF9}.Debug|Any CPU.Build.0 = Debug|Any CPU
		{C7F55331-21DB-4493-880F-834E470B3FF9}.Release|Any CPU.ActiveCfg = Release|Any CPU
		{C7F55331-21DB-4493-880F-834E470B3FF9}.Release|Any CPU.Build.0 = Release|Any CPU
		{4965C47F-A2E2-450F-B7B4-75C2B4AD3085}.Debug|Any CPU.ActiveCfg = Debug|Any CPU
		{4965C47F-A2E2-450F-B7B4-75C2B4AD3085}.Debug|Any CPU.Build.0 = Debug|Any CPU
		{4965C47F-A2E2-450F-B7B4-75C2B4AD3085}.Release|Any CPU.ActiveCfg = Release|Any CPU
		{4965C47F-A2E2-450F-B7B4-75C2B4AD3085}.Release|Any CPU.Build.0 = Release|Any CPU
		{10990F7A-FB5C-41F4-8935-353BBE5DD49B}.Debug|Any CPU.ActiveCfg = Debug|Any CPU
		{10990F7A-FB5C-41F4-8935-353BBE5DD49B}.Debug|Any CPU.Build.0 = Debug|Any CPU
		{10990F7A-FB5C-41F4-8935-353BBE5DD49B}.Release|Any CPU.ActiveCfg = Release|Any CPU
		{10990F7A-FB5C-41F4-8935-353BBE5DD49B}.Release|Any CPU.Build.0 = Release|Any CPU
	EndGlobalSection
	GlobalSection(SolutionProperties) = preSolution
		HideSolutionNode = FALSE
	EndGlobalSection
EndGlobal
